
Microsoft Visual Studio Solution File, Format Version 12.00
# Visual Studio Version 17
VisualStudioVersion = 17.11.35327.3
MinimumVisualStudioVersion = 10.0.40219.1
Project("{9A19103F-16F7-4668-BE54-9A1E7A4F7556}") = "Koneshgar.Api", "Koneshgar.Api\Koneshgar.Api.csproj", "{65A3A23D-A643-4D66-BD58-D082AE53BF7D}"
EndProject
Project("{9A19103F-16F7-4668-BE54-9A1E7A4F7556}") = "Koneshgar.Domain", "Koneshgar.Domain\Koneshgar.Domain.csproj", "{BDA1A2D9-6E7B-40AB-8B61-0FCD052251C7}"
EndProject
Project("{9A19103F-16F7-4668-BE54-9A1E7A4F7556}") = "Koneshgar.DataLayer", "Koneshgar.DataLayer\Koneshgar.DataLayer.csproj", "{4F2FCBD5-9473-4364-A8FA-4E348CE3088E}"
EndProject
Project("{9A19103F-16F7-4668-BE54-9A1E7A4F7556}") = "Koneshgar.Application", "Koneshgar.Application\Koneshgar.Application.csproj", "{8649E9F0-0563-4760-9049-9B4189B34200}"
EndProject
Project("{E53339B2-1760-4266-BCC7-CA923CBCF16C}") = "docker-compose", "docker-compose.dcproj", "{3999763F-5F62-4090-99C3-6B58016830A9}"
EndProject
Global
	GlobalSection(SolutionConfigurationPlatforms) = preSolution
		Debug|Any CPU = Debug|Any CPU
		Release|Any CPU = Release|Any CPU
	EndGlobalSection
	GlobalSection(ProjectConfigurationPlatforms) = postSolution
		{65A3A23D-A643-4D66-BD58-D082AE53BF7D}.Debug|Any CPU.ActiveCfg = Debug|Any CPU
		{65A3A23D-A643-4D66-BD58-D082AE53BF7D}.Debug|Any CPU.Build.0 = Debug|Any CPU
		{65A3A23D-A643-4D66-BD58-D082AE53BF7D}.Release|Any CPU.ActiveCfg = Release|Any CPU
		{65A3A23D-A643-4D66-BD58-D082AE53BF7D}.Release|Any CPU.Build.0 = Release|Any CPU
		{BDA1A2D9-6E7B-40AB-8B61-0FCD052251C7}.Debug|Any CPU.ActiveCfg = Debug|Any CPU
		{BDA1A2D9-6E7B-40AB-8B61-0FCD052251C7}.Debug|Any CPU.Build.0 = Debug|Any CPU
		{BDA1A2D9-6E7B-40AB-8B61-0FCD052251C7}.Release|Any CPU.ActiveCfg = Release|Any CPU
		{BDA1A2D9-6E7B-40AB-8B61-0FCD052251C7}.Release|Any CPU.Build.0 = Release|Any CPU
		{4F2FCBD5-9473-4364-A8FA-4E348CE3088E}.Debug|Any CPU.ActiveCfg = Debug|Any CPU
		{4F2FCBD5-9473-4364-A8FA-4E348CE3088E}.Debug|Any CPU.Build.0 = Debug|Any CPU
		{4F2FCBD5-9473-4364-A8FA-4E348CE3088E}.Release|Any CPU.ActiveCfg = Release|Any CPU
		{4F2FCBD5-9473-4364-A8FA-4E348CE3088E}.Release|Any CPU.Build.0 = Release|Any CPU
		{8649E9F0-0563-4760-9049-9B4189B34200}.Debug|Any CPU.ActiveCfg = Debug|Any CPU
		{8649E9F0-0563-4760-9049-9B4189B34200}.Debug|Any CPU.Build.0 = Debug|Any CPU
		{8649E9F0-0563-4760-9049-9B4189B34200}.Release|Any CPU.ActiveCfg = Release|Any CPU
		{8649E9F0-0563-4760-9049-9B4189B34200}.Release|Any CPU.Build.0 = Release|Any CPU
		{3999763F-5F62-4090-99C3-6B58016830A9}.Debug|Any CPU.ActiveCfg = Debug|Any CPU
		{3999763F-5F62-4090-99C3-6B58016830A9}.Debug|Any CPU.Build.0 = Debug|Any CPU
		{3999763F-5F62-4090-99C3-6B58016830A9}.Release|Any CPU.ActiveCfg = Release|Any CPU
		{3999763F-5F62-4090-99C3-6B58016830A9}.Release|Any CPU.Build.0 = Release|Any CPU
	EndGlobalSection
	GlobalSection(SolutionProperties) = preSolution
		HideSolutionNode = FALSE
	EndGlobalSection
	GlobalSection(ExtensibilityGlobals) = postSolution
		SolutionGuid = {A4CC3F3A-84AF-4337-BB27-FAF90A0FCE33}
	EndGlobalSection
EndGlobal
